# THIS IS AN AUTOGENERATED FILE. DO NOT EDIT THIS FILE DIRECTLY.
# yarn lockfile v1


"@esbuild/aix-ppc64@0.21.5":
  "integrity" "sha512-1SDgH6ZSPTlggy1yI6+Dbkiz8xzpHJEVAlF/AM1tHPLsf5STom9rwtjE4hKAF20FfXXNTFqEYXyJNWh1GiZedQ=="
  "resolved" "https://registry.npmjs.org/@esbuild/aix-ppc64/-/aix-ppc64-0.21.5.tgz"
  "version" "0.21.5"

"@esbuild/android-arm@0.21.5":
  "integrity" "sha512-vCPvzSjpPHEi1siZdlvAlsPxXl7WbOVUBBAowWug4rJHb68Ox8KualB+1ocNvT5fjv6wpkX6o/iEpbDrf68zcg=="
  "resolved" "https://registry.npmjs.org/@esbuild/android-arm/-/android-arm-0.21.5.tgz"
  "version" "0.21.5"

"@esbuild/android-arm64@0.21.5":
  "integrity" "sha512-c0uX9VAUBQ7dTDCjq+wdyGLowMdtR/GoC2U5IYk/7D1H1JYC0qseD7+11iMP2mRLN9RcCMRcjC4YMclCzGwS/A=="
  "resolved" "https://registry.npmjs.org/@esbuild/android-arm64/-/android-arm64-0.21.5.tgz"
  "version" "0.21.5"

"@esbuild/android-x64@0.21.5":
  "integrity" "sha512-D7aPRUUNHRBwHxzxRvp856rjUHRFW1SdQATKXH2hqA0kAZb1hKmi02OpYRacl0TxIGz/ZmXWlbZgjwWYaCakTA=="
  "resolved" "https://registry.npmjs.org/@esbuild/android-x64/-/android-x64-0.21.5.tgz"
  "version" "0.21.5"

"@esbuild/darwin-arm64@0.21.5":
  "integrity" "sha512-DwqXqZyuk5AiWWf3UfLiRDJ5EDd49zg6O9wclZ7kUMv2WRFr4HKjXp/5t8JZ11QbQfUS6/cRCKGwYhtNAY88kQ=="
  "resolved" "https://registry.npmjs.org/@esbuild/darwin-arm64/-/darwin-arm64-0.21.5.tgz"
  "version" "0.21.5"

"@esbuild/darwin-x64@0.21.5":
  "integrity" "sha512-se/JjF8NlmKVG4kNIuyWMV/22ZaerB+qaSi5MdrXtd6R08kvs2qCN4C09miupktDitvh8jRFflwGFBQcxZRjbw=="
  "resolved" "https://registry.npmjs.org/@esbuild/darwin-x64/-/darwin-x64-0.21.5.tgz"
  "version" "0.21.5"

"@esbuild/freebsd-arm64@0.21.5":
  "integrity" "sha512-5JcRxxRDUJLX8JXp/wcBCy3pENnCgBR9bN6JsY4OmhfUtIHe3ZW0mawA7+RDAcMLrMIZaf03NlQiX9DGyB8h4g=="
  "resolved" "https://registry.npmjs.org/@esbuild/freebsd-arm64/-/freebsd-arm64-0.21.5.tgz"
  "version" "0.21.5"

"@esbuild/freebsd-x64@0.21.5":
  "integrity" "sha512-J95kNBj1zkbMXtHVH29bBriQygMXqoVQOQYA+ISs0/2l3T9/kj42ow2mpqerRBxDJnmkUDCaQT/dfNXWX/ZZCQ=="
  "resolved" "https://registry.npmjs.org/@esbuild/freebsd-x64/-/freebsd-x64-0.21.5.tgz"
  "version" "0.21.5"

"@esbuild/linux-arm@0.21.5":
  "integrity" "sha512-bPb5AHZtbeNGjCKVZ9UGqGwo8EUu4cLq68E95A53KlxAPRmUyYv2D6F0uUI65XisGOL1hBP5mTronbgo+0bFcA=="
  "resolved" "https://registry.npmjs.org/@esbuild/linux-arm/-/linux-arm-0.21.5.tgz"
  "version" "0.21.5"

"@esbuild/linux-arm64@0.21.5":
  "integrity" "sha512-ibKvmyYzKsBeX8d8I7MH/TMfWDXBF3db4qM6sy+7re0YXya+K1cem3on9XgdT2EQGMu4hQyZhan7TeQ8XkGp4Q=="
  "resolved" "https://registry.npmjs.org/@esbuild/linux-arm64/-/linux-arm64-0.21.5.tgz"
  "version" "0.21.5"

"@esbuild/linux-ia32@0.21.5":
  "integrity" "sha512-YvjXDqLRqPDl2dvRODYmmhz4rPeVKYvppfGYKSNGdyZkA01046pLWyRKKI3ax8fbJoK5QbxblURkwK/MWY18Tg=="
  "resolved" "https://registry.npmjs.org/@esbuild/linux-ia32/-/linux-ia32-0.21.5.tgz"
  "version" "0.21.5"

"@esbuild/linux-loong64@0.21.5":
  "integrity" "sha512-uHf1BmMG8qEvzdrzAqg2SIG/02+4/DHB6a9Kbya0XDvwDEKCoC8ZRWI5JJvNdUjtciBGFQ5PuBlpEOXQj+JQSg=="
  "resolved" "https://registry.npmjs.org/@esbuild/linux-loong64/-/linux-loong64-0.21.5.tgz"
  "version" "0.21.5"

"@esbuild/linux-mips64el@0.21.5":
  "integrity" "sha512-IajOmO+KJK23bj52dFSNCMsz1QP1DqM6cwLUv3W1QwyxkyIWecfafnI555fvSGqEKwjMXVLokcV5ygHW5b3Jbg=="
  "resolved" "https://registry.npmjs.org/@esbuild/linux-mips64el/-/linux-mips64el-0.21.5.tgz"
  "version" "0.21.5"

"@esbuild/linux-ppc64@0.21.5":
  "integrity" "sha512-1hHV/Z4OEfMwpLO8rp7CvlhBDnjsC3CttJXIhBi+5Aj5r+MBvy4egg7wCbe//hSsT+RvDAG7s81tAvpL2XAE4w=="
  "resolved" "https://registry.npmjs.org/@esbuild/linux-ppc64/-/linux-ppc64-0.21.5.tgz"
  "version" "0.21.5"

"@esbuild/linux-riscv64@0.21.5":
  "integrity" "sha512-2HdXDMd9GMgTGrPWnJzP2ALSokE/0O5HhTUvWIbD3YdjME8JwvSCnNGBnTThKGEB91OZhzrJ4qIIxk/SBmyDDA=="
  "resolved" "https://registry.npmjs.org/@esbuild/linux-riscv64/-/linux-riscv64-0.21.5.tgz"
  "version" "0.21.5"

"@esbuild/linux-s390x@0.21.5":
  "integrity" "sha512-zus5sxzqBJD3eXxwvjN1yQkRepANgxE9lgOW2qLnmr8ikMTphkjgXu1HR01K4FJg8h1kEEDAqDcZQtbrRnB41A=="
  "resolved" "https://registry.npmjs.org/@esbuild/linux-s390x/-/linux-s390x-0.21.5.tgz"
  "version" "0.21.5"

"@esbuild/linux-x64@0.21.5":
  "integrity" "sha512-1rYdTpyv03iycF1+BhzrzQJCdOuAOtaqHTWJZCWvijKD2N5Xu0TtVC8/+1faWqcP9iBCWOmjmhoH94dH82BxPQ=="
  "resolved" "https://registry.npmjs.org/@esbuild/linux-x64/-/linux-x64-0.21.5.tgz"
  "version" "0.21.5"

"@esbuild/netbsd-x64@0.21.5":
  "integrity" "sha512-Woi2MXzXjMULccIwMnLciyZH4nCIMpWQAs049KEeMvOcNADVxo0UBIQPfSmxB3CWKedngg7sWZdLvLczpe0tLg=="
  "resolved" "https://registry.npmjs.org/@esbuild/netbsd-x64/-/netbsd-x64-0.21.5.tgz"
  "version" "0.21.5"

"@esbuild/openbsd-x64@0.21.5":
  "integrity" "sha512-HLNNw99xsvx12lFBUwoT8EVCsSvRNDVxNpjZ7bPn947b8gJPzeHWyNVhFsaerc0n3TsbOINvRP2byTZ5LKezow=="
  "resolved" "https://registry.npmjs.org/@esbuild/openbsd-x64/-/openbsd-x64-0.21.5.tgz"
  "version" "0.21.5"

"@esbuild/sunos-x64@0.21.5":
  "integrity" "sha512-6+gjmFpfy0BHU5Tpptkuh8+uw3mnrvgs+dSPQXQOv3ekbordwnzTVEb4qnIvQcYXq6gzkyTnoZ9dZG+D4garKg=="
  "resolved" "https://registry.npmjs.org/@esbuild/sunos-x64/-/sunos-x64-0.21.5.tgz"
  "version" "0.21.5"

"@esbuild/win32-arm64@0.21.5":
  "integrity" "sha512-Z0gOTd75VvXqyq7nsl93zwahcTROgqvuAcYDUr+vOv8uHhNSKROyU961kgtCD1e95IqPKSQKH7tBTslnS3tA8A=="
  "resolved" "https://registry.npmjs.org/@esbuild/win32-arm64/-/win32-arm64-0.21.5.tgz"
  "version" "0.21.5"

"@esbuild/win32-ia32@0.21.5":
  "integrity" "sha512-SWXFF1CL2RVNMaVs+BBClwtfZSvDgtL//G/smwAc5oVK/UPu2Gu9tIaRgFmYFFKrmg3SyAjSrElf0TiJ1v8fYA=="
  "resolved" "https://registry.npmjs.org/@esbuild/win32-ia32/-/win32-ia32-0.21.5.tgz"
  "version" "0.21.5"

"@esbuild/win32-x64@0.21.5":
  "integrity" "sha512-tQd/1efJuzPC6rCFwEvLtci/xNFcTZknmXs98FYDfGE4wP9ClFV98nyKrzJKVPMhdDnjzLhdUyMX4PsQAPjwIw=="
  "resolved" "https://registry.npmjs.org/@esbuild/win32-x64/-/win32-x64-0.21.5.tgz"
  "version" "0.21.5"

"@rollup/rollup-android-arm-eabi@4.27.2":
  "integrity" "sha512-Tj+j7Pyzd15wAdSJswvs5CJzJNV+qqSUcr/aCD+jpQSBtXvGnV0pnrjoc8zFTe9fcKCatkpFpOO7yAzpO998HA=="
  "resolved" "https://registry.npmjs.org/@rollup/rollup-android-arm-eabi/-/rollup-android-arm-eabi-4.27.2.tgz"
  "version" "4.27.2"

"@rollup/rollup-android-arm64@4.27.2":
  "integrity" "sha512-xsPeJgh2ThBpUqlLgRfiVYBEf/P1nWlWvReG+aBWfNv3XEBpa6ZCmxSVnxJgLgkNz4IbxpLy64h2gCmAAQLneQ=="
  "resolved" "https://registry.npmjs.org/@rollup/rollup-android-arm64/-/rollup-android-arm64-4.27.2.tgz"
  "version" "4.27.2"

"@rollup/rollup-darwin-arm64@4.27.2":
  "integrity" "sha512-KnXU4m9MywuZFedL35Z3PuwiTSn/yqRIhrEA9j+7OSkji39NzVkgxuxTYg5F8ryGysq4iFADaU5osSizMXhU2A=="
  "resolved" "https://registry.npmjs.org/@rollup/rollup-darwin-arm64/-/rollup-darwin-arm64-4.27.2.tgz"
  "version" "4.27.2"

"@rollup/rollup-darwin-x64@4.27.2":
  "integrity" "sha512-Hj77A3yTvUeCIx/Vi+4d4IbYhyTwtHj07lVzUgpUq9YpJSEiGJj4vXMKwzJ3w5zp5v3PFvpJNgc/J31smZey6g=="
  "resolved" "https://registry.npmjs.org/@rollup/rollup-darwin-x64/-/rollup-darwin-x64-4.27.2.tgz"
  "version" "4.27.2"

"@rollup/rollup-freebsd-arm64@4.27.2":
  "integrity" "sha512-RjgKf5C3xbn8gxvCm5VgKZ4nn0pRAIe90J0/fdHUsgztd3+Zesb2lm2+r6uX4prV2eUByuxJNdt647/1KPRq5g=="
  "resolved" "https://registry.npmjs.org/@rollup/rollup-freebsd-arm64/-/rollup-freebsd-arm64-4.27.2.tgz"
  "version" "4.27.2"

"@rollup/rollup-freebsd-x64@4.27.2":
  "integrity" "sha512-duq21FoXwQtuws+V9H6UZ+eCBc7fxSpMK1GQINKn3fAyd9DFYKPJNcUhdIKOrMFjLEJgQskoMoiuizMt+dl20g=="
  "resolved" "https://registry.npmjs.org/@rollup/rollup-freebsd-x64/-/rollup-freebsd-x64-4.27.2.tgz"
  "version" "4.27.2"

"@rollup/rollup-linux-arm-gnueabihf@4.27.2":
  "integrity" "sha512-6npqOKEPRZkLrMcvyC/32OzJ2srdPzCylJjiTJT2c0bwwSGm7nz2F9mNQ1WrAqCBZROcQn91Fno+khFhVijmFA=="
  "resolved" "https://registry.npmjs.org/@rollup/rollup-linux-arm-gnueabihf/-/rollup-linux-arm-gnueabihf-4.27.2.tgz"
  "version" "4.27.2"

"@rollup/rollup-linux-arm-musleabihf@4.27.2":
  "integrity" "sha512-V9Xg6eXtgBtHq2jnuQwM/jr2mwe2EycnopO8cbOvpzFuySCGtKlPCI3Hj9xup/pJK5Q0388qfZZy2DqV2J8ftw=="
  "resolved" "https://registry.npmjs.org/@rollup/rollup-linux-arm-musleabihf/-/rollup-linux-arm-musleabihf-4.27.2.tgz"
  "version" "4.27.2"

"@rollup/rollup-linux-arm64-gnu@4.27.2":
  "integrity" "sha512-uCFX9gtZJoQl2xDTpRdseYuNqyKkuMDtH6zSrBTA28yTfKyjN9hQ2B04N5ynR8ILCoSDOrG/Eg+J2TtJ1e/CSA=="
  "resolved" "https://registry.npmjs.org/@rollup/rollup-linux-arm64-gnu/-/rollup-linux-arm64-gnu-4.27.2.tgz"
  "version" "4.27.2"

"@rollup/rollup-linux-arm64-musl@4.27.2":
  "integrity" "sha512-/PU9P+7Rkz8JFYDHIi+xzHabOu9qEWR07L5nWLIUsvserrxegZExKCi2jhMZRd0ATdboKylu/K5yAXbp7fYFvA=="
  "resolved" "https://registry.npmjs.org/@rollup/rollup-linux-arm64-musl/-/rollup-linux-arm64-musl-4.27.2.tgz"
  "version" "4.27.2"

"@rollup/rollup-linux-powerpc64le-gnu@4.27.2":
  "integrity" "sha512-eCHmol/dT5odMYi/N0R0HC8V8QE40rEpkyje/ZAXJYNNoSfrObOvG/Mn+s1F/FJyB7co7UQZZf6FuWnN6a7f4g=="
  "resolved" "https://registry.npmjs.org/@rollup/rollup-linux-powerpc64le-gnu/-/rollup-linux-powerpc64le-gnu-4.27.2.tgz"
  "version" "4.27.2"

"@rollup/rollup-linux-riscv64-gnu@4.27.2":
  "integrity" "sha512-DEP3Njr9/ADDln3kNi76PXonLMSSMiCir0VHXxmGSHxCxDfQ70oWjHcJGfiBugzaqmYdTC7Y+8Int6qbnxPBIQ=="
  "resolved" "https://registry.npmjs.org/@rollup/rollup-linux-riscv64-gnu/-/rollup-linux-riscv64-gnu-4.27.2.tgz"
  "version" "4.27.2"

"@rollup/rollup-linux-s390x-gnu@4.27.2":
  "integrity" "sha512-NHGo5i6IE/PtEPh5m0yw5OmPMpesFnzMIS/lzvN5vknnC1sXM5Z/id5VgcNPgpD+wHmIcuYYgW+Q53v+9s96lQ=="
  "resolved" "https://registry.npmjs.org/@rollup/rollup-linux-s390x-gnu/-/rollup-linux-s390x-gnu-4.27.2.tgz"
  "version" "4.27.2"

"@rollup/rollup-linux-x64-gnu@4.27.2":
  "integrity" "sha512-PaW2DY5Tan+IFvNJGHDmUrORadbe/Ceh8tQxi8cmdQVCCYsLoQo2cuaSj+AU+YRX8M4ivS2vJ9UGaxfuNN7gmg=="
  "resolved" "https://registry.npmjs.org/@rollup/rollup-linux-x64-gnu/-/rollup-linux-x64-gnu-4.27.2.tgz"
  "version" "4.27.2"

"@rollup/rollup-linux-x64-musl@4.27.2":
  "integrity" "sha512-dOlWEMg2gI91Qx5I/HYqOD6iqlJspxLcS4Zlg3vjk1srE67z5T2Uz91yg/qA8sY0XcwQrFzWWiZhMNERylLrpQ=="
  "resolved" "https://registry.npmjs.org/@rollup/rollup-linux-x64-musl/-/rollup-linux-x64-musl-4.27.2.tgz"
  "version" "4.27.2"

"@rollup/rollup-win32-arm64-msvc@4.27.2":
  "integrity" "sha512-euMIv/4x5Y2/ImlbGl88mwKNXDsvzbWUlT7DFky76z2keajCtcbAsN9LUdmk31hAoVmJJYSThgdA0EsPeTr1+w=="
  "resolved" "https://registry.npmjs.org/@rollup/rollup-win32-arm64-msvc/-/rollup-win32-arm64-msvc-4.27.2.tgz"
  "version" "4.27.2"

"@rollup/rollup-win32-ia32-msvc@4.27.2":
  "integrity" "sha512-RsnE6LQkUHlkC10RKngtHNLxb7scFykEbEwOFDjr3CeCMG+Rr+cKqlkKc2/wJ1u4u990urRHCbjz31x84PBrSQ=="
  "resolved" "https://registry.npmjs.org/@rollup/rollup-win32-ia32-msvc/-/rollup-win32-ia32-msvc-4.27.2.tgz"
  "version" "4.27.2"

"@rollup/rollup-win32-x64-msvc@4.27.2":
  "integrity" "sha512-foJM5vv+z2KQmn7emYdDLyTbkoO5bkHZE1oth2tWbQNGW7mX32d46Hz6T0MqXdWS2vBZhaEtHqdy9WYwGfiliA=="
  "resolved" "https://registry.npmjs.org/@rollup/rollup-win32-x64-msvc/-/rollup-win32-x64-msvc-4.27.2.tgz"
  "version" "4.27.2"

"@types/estree@1.0.6":
  "integrity" "sha512-AYnb1nQyY49te+VRAVgmzfcgjYS91mY5P0TKUDCLEM+gNnA+3T6rWITXRLYCpahpqSQbN5cE+gHpnPyXjHWxcw=="
  "resolved" "https://registry.npmjs.org/@types/estree/-/estree-1.0.6.tgz"
  "version" "1.0.6"

"esbuild@^0.21.3":
  "integrity" "sha512-mg3OPMV4hXywwpoDxu3Qda5xCKQi+vCTZq8S9J/EpkhB2HzKXq4SNFZE3+NK93JYxc8VMSep+lOUSC/RVKaBqw=="
  "resolved" "https://registry.npmjs.org/esbuild/-/esbuild-0.21.5.tgz"
  "version" "0.21.5"
  optionalDependencies:
    "@esbuild/aix-ppc64" "0.21.5"
    "@esbuild/android-arm" "0.21.5"
    "@esbuild/android-arm64" "0.21.5"
    "@esbuild/android-x64" "0.21.5"
    "@esbuild/darwin-arm64" "0.21.5"
    "@esbuild/darwin-x64" "0.21.5"
    "@esbuild/freebsd-arm64" "0.21.5"
    "@esbuild/freebsd-x64" "0.21.5"
    "@esbuild/linux-arm" "0.21.5"
    "@esbuild/linux-arm64" "0.21.5"
    "@esbuild/linux-ia32" "0.21.5"
    "@esbuild/linux-loong64" "0.21.5"
    "@esbuild/linux-mips64el" "0.21.5"
    "@esbuild/linux-ppc64" "0.21.5"
    "@esbuild/linux-riscv64" "0.21.5"
    "@esbuild/linux-s390x" "0.21.5"
    "@esbuild/linux-x64" "0.21.5"
    "@esbuild/netbsd-x64" "0.21.5"
    "@esbuild/openbsd-x64" "0.21.5"
    "@esbuild/sunos-x64" "0.21.5"
    "@esbuild/win32-arm64" "0.21.5"
    "@esbuild/win32-ia32" "0.21.5"
    "@esbuild/win32-x64" "0.21.5"

"fsevents@~2.3.2", "fsevents@~2.3.3":
  "integrity" "sha512-5xoDfX+fL7faATnagmWPpbFtwh/R77WmMMqqHGS65C3vvB0YHrgF+B1YmZ3441tMj5n63k0212XNoJwzlhffQw=="
  "resolved" "https://registry.npmjs.org/fsevents/-/fsevents-2.3.3.tgz"
  "version" "2.3.3"

"nanoid@^3.3.7":
  "integrity" "sha512-eSRppjcPIatRIMC1U6UngP8XFcz8MQWGQdt1MTBQ7NaAmvXDfvNxbvWV3x2y6CdEUciCSsDHDQZbhYaB8QEo2g=="
  "resolved" "https://registry.npmjs.org/nanoid/-/nanoid-3.3.7.tgz"
  "version" "3.3.7"

"picocolors@^1.1.1":
  "integrity" "sha512-xceH2snhtb5M9liqDsmEw56le376mTZkEX/jEb/RxNFyegNul7eNslCXP9FDj/Lcu0X8KEyMceP2ntpaHrDEVA=="
  "resolved" "https://registry.npmjs.org/picocolors/-/picocolors-1.1.1.tgz"
  "version" "1.1.1"

"postcss@^8.4.43":
  "integrity" "sha512-OCVPnIObs4N29kxTjzLfUryOkvZEq+pf8jTF0lg8E7uETuWHA+v7j3c/xJmiqpX450191LlmZfUKkXxkTry7nA=="
  "resolved" "https://registry.npmjs.org/postcss/-/postcss-8.4.49.tgz"
  "version" "8.4.49"
  dependencies:
    "nanoid" "^3.3.7"
    "picocolors" "^1.1.1"
    "source-map-js" "^1.2.1"

"prettier@^2.8.4":
  "integrity" "sha512-vIS4Rlc2FNh0BySk3Wkd6xmwxB0FpOndW5fisM5H8hsZSxU2VWVB5CWIkIjWvrHjIhxk2g3bfMKM87zNTrZddw=="
  "resolved" "https://registry.npmjs.org/prettier/-/prettier-2.8.4.tgz"
  "version" "2.8.4"

"rollup@^4.20.0":
  "integrity" "sha512-KreA+PzWmk2yaFmZVwe6GB2uBD86nXl86OsDkt1bJS9p3vqWuEQ6HnJJ+j/mZi/q0920P99/MVRlB4L3crpF5w=="
  "resolved" "https://registry.npmjs.org/rollup/-/rollup-4.27.2.tgz"
  "version" "4.27.2"
  dependencies:
    "@types/estree" "1.0.6"
  optionalDependencies:
    "@rollup/rollup-android-arm-eabi" "4.27.2"
    "@rollup/rollup-android-arm64" "4.27.2"
    "@rollup/rollup-darwin-arm64" "4.27.2"
    "@rollup/rollup-darwin-x64" "4.27.2"
    "@rollup/rollup-freebsd-arm64" "4.27.2"
    "@rollup/rollup-freebsd-x64" "4.27.2"
    "@rollup/rollup-linux-arm-gnueabihf" "4.27.2"
    "@rollup/rollup-linux-arm-musleabihf" "4.27.2"
    "@rollup/rollup-linux-arm64-gnu" "4.27.2"
    "@rollup/rollup-linux-arm64-musl" "4.27.2"
    "@rollup/rollup-linux-powerpc64le-gnu" "4.27.2"
    "@rollup/rollup-linux-riscv64-gnu" "4.27.2"
    "@rollup/rollup-linux-s390x-gnu" "4.27.2"
    "@rollup/rollup-linux-x64-gnu" "4.27.2"
    "@rollup/rollup-linux-x64-musl" "4.27.2"
    "@rollup/rollup-win32-arm64-msvc" "4.27.2"
    "@rollup/rollup-win32-ia32-msvc" "4.27.2"
    "@rollup/rollup-win32-x64-msvc" "4.27.2"
    "fsevents" "~2.3.2"

"source-map-js@^1.2.1":
  "integrity" "sha512-UXWMKhLOwVKb728IUtQPXxfYU+usdybtUrK/8uGE8CQMvrhOpwvzDBwj0QhSL7MQc7vIsISBG8VQ8+IDQxpfQA=="
  "resolved" "https://registry.npmjs.org/source-map-js/-/source-map-js-1.2.1.tgz"
  "version" "1.2.1"

"vite@^5.4.11":
  "integrity" "sha512-c7jFQRklXua0mTzneGW9QVyxFjUgwcihC4bXEtujIo2ouWCe1Ajt/amn2PCxYnhYfd5k09JX3SB7OYWFKYqj8Q=="
  "resolved" "https://registry.npmjs.org/vite/-/vite-5.4.11.tgz"
  "version" "5.4.11"
  dependencies:
    "esbuild" "^0.21.3"
    "postcss" "^8.4.43"
    "rollup" "^4.20.0"
  optionalDependencies:
    "fsevents" "~2.3.3"
